
Microsoft Visual Studio Solution File, Format Version 12.00
# Visual Studio 15
VisualStudioVersion = 15.0.26124.0
MinimumVisualStudioVersion = 15.0.26124.0
Project("{FAE04EC0-301F-11D3-BF4B-00C04F79EFBC}") = "mp4lib", "mp4lib\mp4lib.csproj", "{531ADB30-6AEB-497C-A3CE-5BB014D55C56}"
EndProject
Project("{FAE04EC0-301F-11D3-BF4B-00C04F79EFBC}") = "mp4test", "mp4test\mp4test.csproj", "{E94C7707-35FF-4BE5-8B7C-DC332F404BB8}"
EndProject
Project("{FAE04EC0-301F-11D3-BF4B-00C04F79EFBC}") = "mp4cmd", "mp4cmd\mp4cmd.csproj", "{22086D55-5E2B-45ED-8241-7103A79257F2}"
EndProject
Global
	GlobalSection(SolutionConfigurationPlatforms) = preSolution
		Debug|Any CPU = Debug|Any CPU
		Debug|x64 = Debug|x64
		Debug|x86 = Debug|x86
		Release|Any CPU = Release|Any CPU
		Release|x64 = Release|x64
		Release|x86 = Release|x86
	EndGlobalSection
	GlobalSection(SolutionProperties) = preSolution
		HideSolutionNode = FALSE
	EndGlobalSection
	GlobalSection(ProjectConfigurationPlatforms) = postSolution
		{531ADB30-6AEB-497C-A3CE-5BB014D55C56}.Debug|Any CPU.ActiveCfg = Debug|Any CPU
		{531ADB30-6AEB-497C-A3CE-5BB014D55C56}.Debug|Any CPU.Build.0 = Debug|Any CPU
		{531ADB30-6AEB-497C-A3CE-5BB014D55C56}.Debug|x64.ActiveCfg = Debug|Any CPU
		{531ADB30-6AEB-497C-A3CE-5BB014D55C56}.Debug|x64.Build.0 = Debug|Any CPU
		{531ADB30-6AEB-497C-A3CE-5BB014D55C56}.Debug|x86.ActiveCfg = Debug|Any CPU
		{531ADB30-6AEB-497C-A3CE-5BB014D55C56}.Debug|x86.Build.0 = Debug|Any CPU
		{531ADB30-6AEB-497C-A3CE-5BB014D55C56}.Release|Any CPU.ActiveCfg = Release|Any CPU
		{531ADB30-6AEB-497C-A3CE-5BB014D55C56}.Release|Any CPU.Build.0 = Release|Any CPU
		{531ADB30-6AEB-497C-A3CE-5BB014D55C56}.Release|x64.ActiveCfg = Release|Any CPU
		{531ADB30-6AEB-497C-A3CE-5BB014D55C56}.Release|x64.Build.0 = Release|Any CPU
		{531ADB30-6AEB-497C-A3CE-5BB014D55C56}.Release|x86.ActiveCfg = Release|Any CPU
		{531ADB30-6AEB-497C-A3CE-5BB014D55C56}.Release|x86.Build.0 = Release|Any CPU
		{E94C7707-35FF-4BE5-8B7C-DC332F404BB8}.Debug|Any CPU.ActiveCfg = Debug|Any CPU
		{E94C7707-35FF-4BE5-8B7C-DC332F404BB8}.Debug|Any CPU.Build.0 = Debug|Any CPU
		{E94C7707-35FF-4BE5-8B7C-DC332F404BB8}.Debug|x64.ActiveCfg = Debug|Any CPU
		{E94C7707-35FF-4BE5-8B7C-DC332F404BB8}.Debug|x64.Build.0 = Debug|Any CPU
		{E94C7707-35FF-4BE5-8B7C-DC332F404BB8}.Debug|x86.ActiveCfg = Debug|Any CPU
		{E94C7707-35FF-4BE5-8B7C-DC332F404BB8}.Debug|x86.Build.0 = Debug|Any CPU
		{E94C7707-35FF-4BE5-8B7C-DC332F404BB8}.Release|Any CPU.ActiveCfg = Release|Any CPU
		{E94C7707-35FF-4BE5-8B7C-DC332F404BB8}.Release|Any CPU.Build.0 = Release|Any CPU
		{E94C7707-35FF-4BE5-8B7C-DC332F404BB8}.Release|x64.ActiveCfg = Release|Any CPU
		{E94C7707-35FF-4BE5-8B7C-DC332F404BB8}.Release|x64.Build.0 = Release|Any CPU
		{E94C7707-35FF-4BE5-8B7C-DC332F404BB8}.Release|x86.ActiveCfg = Release|Any CPU
		{E94C7707-35FF-4BE5-8B7C-DC332F404BB8}.Release|x86.Build.0 = Release|Any CPU
		{22086D55-5E2B-45ED-8241-7103A79257F2}.Debug|Any CPU.ActiveCfg = Debug|Any CPU
		{22086D55-5E2B-45ED-8241-7103A79257F2}.Debug|Any CPU.Build.0 = Debug|Any CPU
		{22086D55-5E2B-45ED-8241-7103A79257F2}.Debug|x64.ActiveCfg = Debug|Any CPU
		{22086D55-5E2B-45ED-8241-7103A79257F2}.Debug|x64.Build.0 = Debug|Any CPU
		{22086D55-5E2B-45ED-8241-7103A79257F2}.Debug|x86.ActiveCfg = Debug|Any CPU
		{22086D55-5E2B-45ED-8241-7103A79257F2}.Debug|x86.Build.0 = Debug|Any CPU
		{22086D55-5E2B-45ED-8241-7103A79257F2}.Release|Any CPU.ActiveCfg = Release|Any CPU
		{22086D55-5E2B-45ED-8241-7103A79257F2}.Release|Any CPU.Build.0 = Release|Any CPU
		{22086D55-5E2B-45ED-8241-7103A79257F2}.Release|x64.ActiveCfg = Release|Any CPU
		{22086D55-5E2B-45ED-8241-7103A79257F2}.Release|x64.Build.0 = Release|Any CPU
		{22086D55-5E2B-45ED-8241-7103A79257F2}.Release|x86.ActiveCfg = Release|Any CPU
		{22086D55-5E2B-45ED-8241-7103A79257F2}.Release|x86.Build.0 = Release|Any CPU
	EndGlobalSection
EndGlobal
